// !$*UTF8*$!
{
	archiveVersion = 1;
	classes = {
	};
	objectVersion = 48;
	objects = {

/* Begin PBXBuildFile section */
		1A9ACE2420718CC10070D520 /* AppDelegate.swift in Sources */ = {isa = PBXBuildFile; fileRef = 1A9ACE2320718CC10070D520 /* AppDelegate.swift */; };
		1A9ACE2620718CC10070D520 /* ViewController.swift in Sources */ = {isa = PBXBuildFile; fileRef = 1A9ACE2520718CC10070D520 /* ViewController.swift */; };
		1A9ACE2920718CC10070D520 /* Main.storyboard in Resources */ = {isa = PBXBuildFile; fileRef = 1A9ACE2720718CC10070D520 /* Main.storyboard */; };
		1A9ACE2B20718CC10070D520 /* Assets.xcassets in Resources */ = {isa = PBXBuildFile; fileRef = 1A9ACE2A20718CC10070D520 /* Assets.xcassets */; };
		1A9ACE2E20718CC10070D520 /* LaunchScreen.storyboard in Resources */ = {isa = PBXBuildFile; fileRef = 1A9ACE2C20718CC10070D520 /* LaunchScreen.storyboard */; };
		1A9ACE36207194850070D520 /* StackElementViewController.swift in Sources */ = {isa = PBXBuildFile; fileRef = 1A9ACE35207194850070D520 /* StackElementViewController.swift */; };
/* End PBXBuildFile section */

/* Begin PBXFileReference section */
		1A9ACE2020718CC10070D520 /* StackedMenu.app */ = {isa = PBXFileReference; explicitFileType = wrapper.application; includeInIndex = 0; path = StackedMenu.app; sourceTree = BUILT_PRODUCTS_DIR; };
		1A9ACE2320718CC10070D520 /* AppDelegate.swift */ = {isa = PBXFileReference; lastKnownFileType = sourcecode.swift; path = AppDelegate.swift; sourceTree = "<group>"; };
		1A9ACE2520718CC10070D520 /* ViewController.swift */ = {isa = PBXFileReference; lastKnownFileType = sourcecode.swift; path = ViewController.swift; sourceTree = "<group>"; };
		1A9ACE2820718CC10070D520 /* Base */ = {isa = PBXFileReference; lastKnownFileType = file.storyboard; name = Base; path = Base.lproj/Main.storyboard; sourceTree = "<group>"; };
		1A9ACE2A20718CC10070D520 /* Assets.xcassets */ = {isa = PBXFileReference; lastKnownFileType = folder.assetcatalog; path = Assets.xcassets; sourceTree = "<group>"; };
		1A9ACE2D20718CC10070D520 /* Base */ = {isa = PBXFileReference; lastKnownFileType = file.storyboard; name = Base; path = Base.lproj/LaunchScreen.storyboard; sourceTree = "<group>"; };
		1A9ACE2F20718CC10070D520 /* Info.plist */ = {isa = PBXFileReference; lastKnownFileType = text.plist.xml; path = Info.plist; sourceTree = "<group>"; };
		1A9ACE35207194850070D520 /* StackElementViewController.swift */ = {isa = PBXFileReference; lastKnownFileType = sourcecode.swift; path = StackElementViewController.swift; sourceTree = "<group>"; };
/* End PBXFileReference section */

/* Begin PBXFrameworksBuildPhase section */
		1A9ACE1D20718CC10070D520 /* Frameworks */ = {
			isa = PBXFrameworksBuildPhase;
			buildActionMask = 2147483647;
			files = (
			);
			runOnlyForDeploymentPostprocessing = 0;
		};
/* End PBXFrameworksBuildPhase section */

/* Begin PBXGroup section */
		1A9ACE1720718CC10070D520 = {
			isa = PBXGroup;
			children = (
				1A9ACE2220718CC10070D520 /* StackedMenu */,
				1A9ACE2120718CC10070D520 /* Products */,
			);
			sourceTree = "<group>";
		};
		1A9ACE2120718CC10070D520 /* Products */ = {
			isa = PBXGroup;
			children = (
				1A9ACE2020718CC10070D520 /* StackedMenu.app */,
			);
			name = Products;
			sourceTree = "<group>";
		};
		1A9ACE2220718CC10070D520 /* StackedMenu */ = {
			isa = PBXGroup;
			children = (
				1A9ACE2320718CC10070D520 /* AppDelegate.swift */,
				1A9ACE2520718CC10070D520 /* ViewController.swift */,
				1A9ACE35207194850070D520 /* StackElementViewController.swift */,
				1A9ACE2720718CC10070D520 /* Main.storyboard */,
				1A9ACE2A20718CC10070D520 /* Assets.xcassets */,
				1A9ACE2C20718CC10070D520 /* LaunchScreen.storyboard */,
				1A9ACE2F20718CC10070D520 /* Info.plist */,
			);
			path = StackedMenu;
			sourceTree = "<group>";
		};
/* End PBXGroup section */

/* Begin PBXNativeTarget section */
		1A9ACE1F20718CC10070D520 /* StackedMenu */ = {
			isa = PBXNativeTarget;
			buildConfigurationList = 1A9ACE3220718CC10070D520 /* Build configuration list for PBXNativeTarget "StackedMenu" */;
			buildPhases = (
				1A9ACE1C20718CC10070D520 /* Sources */,
				1A9ACE1D20718CC10070D520 /* Frameworks */,
				1A9ACE1E20718CC10070D520 /* Resources */,
			);
			buildRules = (
			);
			dependencies = (
			);
			name = StackedMenu;
			productName = StackedMenu;
			productReference = 1A9ACE2020718CC10070D520 /* StackedMenu.app */;
			productType = "com.apple.product-type.application";
		};
/* End PBXNativeTarget section */

/* Begin PBXProject section */
		1A9ACE1820718CC10070D520 /* Project object */ = {
			isa = PBXProject;
			attributes = {
				LastSwiftUpdateCheck = 0920;
				LastUpgradeCheck = 0920;
				ORGANIZATIONNAME = "Sadi Ashraful";
				TargetAttributes = {
					1A9ACE1F20718CC10070D520 = {
						CreatedOnToolsVersion = 9.2;
						ProvisioningStyle = Automatic;
					};
				};
			};
			buildConfigurationList = 1A9ACE1B20718CC10070D520 /* Build configuration list for PBXProject "StackedMenu" */;
			compatibilityVersion = "Xcode 8.0";
			developmentRegion = en;
			hasScannedForEncodings = 0;
			knownRegions = (
				en,
				Base,
			);
			mainGroup = 1A9ACE1720718CC10070D520;
			productRefGroup = 1A9ACE2120718CC10070D520 /* Products */;
			projectDirPath = "";
			projectRoot = "";
			targets = (
				1A9ACE1F20718CC10070D520 /* StackedMenu */,
			);
		};
/* End PBXProject section */

/* Begin PBXResourcesBuildPhase section */
		1A9ACE1E20718CC10070D520 /* Resources */ = {
			isa = PBXResourcesBuildPhase;
			buildActionMask = 2147483647;
			files = (
				1A9ACE2E20718CC10070D520 /* LaunchScreen.storyboard in Resources */,
				1A9ACE2B20718CC10070D520 /* Assets.xcassets in Resources */,
				1A9ACE2920718CC10070D520 /* Main.storyboard in Resources */,
			);
			runOnlyForDeploymentPostprocessing = 0;
		};
/* End PBXResourcesBuildPhase section */

/* Begin PBXSourcesBuildPhase section */
		1A9ACE1C20718CC10070D520 /* Sources */ = {
			isa = PBXSourcesBuildPhase;
			buildActionMask = 2147483647;
			files = (
				1A9ACE2620718CC10070D520 /* ViewController.swift in Sources */,
				1A9ACE2420718CC10070D520 /* AppDelegate.swift in Sources */,
				1A9ACE36207194850070D520 /* StackElementViewController.swift in Sources */,
			);
			runOnlyForDeploymentPostprocessing = 0;
		};
/* End PBXSourcesBuildPhase section */

/* Begin PBXVariantGroup section */
		1A9ACE2720718CC10070D520 /* Main.storyboard */ = {
			isa = PBXVariantGroup;
			children = (
				1A9ACE2820718CC10070D520 /* Base */,
			);
			name = Main.storyboard;
			sourceTree = "<group>";
		};
		1A9ACE2C20718CC10070D520 /* LaunchScreen.storyboard */ = {
			isa = PBXVariantGroup;
			children = (
				1A9ACE2D20718CC10070D520 /* Base */,
			);
			name = LaunchScreen.storyboard;
			sourceTree = "<group>";
		};
/* End PBXVariantGroup section */

/* Begin XCBuildConfiguration section */
		1A9ACE3020718CC10070D520 /* Debug */ = {
			isa = XCBuildConfiguration;
			buildSettings = {
				ALWAYS_SEARCH_USER_PATHS = NO;
				CLANG_ANALYZER_NONNULL = YES;
				CLANG_ANALYZER_NUMBER_OBJECT_CONVERSION = YES_AGGRESSIVE;
				CLANG_CXX_LANGUAGE_STANDARD = "gnu++14";
				CLANG_CXX_LIBRARY = "libc++";
				CLANG_ENABLE_MODULES = YES;
				CLANG_ENABLE_OBJC_ARC = YES;
				CLANG_WARN_BLOCK_CAPTURE_AUTORELEASING = YES;
				CLANG_WARN_BOOL_CONVERSION = YES;
				CLANG_WARN_COMMA = YES;
				CLANG_WARN_CONSTANT_CONVERSION = YES;
				CLANG_WARN_DIRECT_OBJC_ISA_USAGE = YES_ERROR;
				CLANG_WARN_DOCUMENTATION_COMMENTS = YES;
				CLANG_WARN_EMPTY_BODY = YES;
				CLANG_WARN_ENUM_CONVERSION = YES;
				CLANG_WARN_INFINITE_RECURSION = YES;
				CLANG_WARN_INT_CONVERSION = YES;
				CLANG_WARN_NON_LITERAL_NULL_CONVERSION = YES;
				CLANG_WARN_OBJC_LITERAL_CONVERSION = YES;
				CLANG_WARN_OBJC_ROOT_CLASS = YES_ERROR;
				CLANG_WARN_RANGE_LOOP_ANALYSIS = YES;
				CLANG_WARN_STRICT_PROTOTYPES = YES;
				CLANG_WARN_SUSPICIOUS_MOVE = YES;
				CLANG_WARN_UNGUARDED_AVAILABILITY = YES_AGGRESSIVE;
				CLANG_WARN_UNREACHABLE_CODE = YES;
				CLANG_WARN__DUPLICATE_METHOD_MATCH = YES;
				CODE_SIGN_IDENTITY = "iPhone Developer";
				COPY_PHASE_STRIP = NO;
				DEBUG_INFORMATION_FORMAT = dwarf;
				ENABLE_STRICT_OBJC_MSGSEND = YES;
				ENABLE_TESTABILITY = YES;
				GCC_C_LANGUAGE_STANDARD = gnu11;
				GCC_DYNAMIC_NO_PIC = NO;
				GCC_NO_COMMON_BLOCKS = YES;
				GCC_OPTIMIZATION_LEVEL = 0;
				GCC_PREPROCESSOR_DEFINITIONS = (
					"DEBUG=1",
					"$(inherited)",
				);
				GCC_WARN_64_TO_32_BIT_CONVERSION = YES;
				GCC_WARN_ABOUT_RETURN_TYPE = YES_ERROR;
				GCC_WARN_UNDECLARED_SELECTOR = YES;
				GCC_WARN_UNINITIALIZED_AUTOS = YES_AGGRESSIVE;
				GCC_WARN_UNUSED_FUNCTION = YES;
				GCC_WARN_UNUSED_VARIABLE = YES;
				IPHONEOS_DEPLOYMENT_TARGET = 11.2;
				MTL_ENABLE_DEBUG_INFO = YES;
				ONLY_ACTIVE_ARCH = YES;
				SDKROOT = iphoneos;
				SWIFT_ACTIVE_COMPILATION_CONDITIONS = DEBUG;
				SWIFT_OPTIMIZATION_LEVEL = "-Onone";
			};
			name = Debug;
		};
		1A9ACE3120718CC10070D520 /* Release */ = {
			isa = XCBuildConfiguration;
			buildSettings = {
				ALWAYS_SEARCH_USER_PATHS = NO;
				CLANG_ANALYZER_NONNULL = YES;
				CLANG_ANALYZER_NUMBER_OBJECT_CONVERSION = YES_AGGRESSIVE;
				CLANG_CXX_LANGUAGE_STANDARD = "gnu++14";
				CLANG_CXX_LIBRARY = "libc++";
				CLANG_ENABLE_MODULES = YES;
				CLANG_ENABLE_OBJC_ARC = YES;
				CLANG_WARN_BLOCK_CAPTURE_AUTORELEASING = YES;
				CLANG_WARN_BOOL_CONVERSION = YES;
				CLANG_WARN_COMMA = YES;
				CLANG_WARN_CONSTANT_CONVERSION = YES;
				CLANG_WARN_DIRECT_OBJC_ISA_USAGE = YES_ERROR;
				CLANG_WARN_DOCUMENTATION_COMMENTS = YES;
				CLANG_WARN_EMPTY_BODY = YES;
				CLANG_WARN_ENUM_CONVERSION = YES;
				CLANG_WARN_INFINITE_RECURSION = YES;
				CLANG_WARN_INT_CONVERSION = YES;
				CLANG_WARN_NON_LITERAL_NULL_CONVERSION = YES;
				CLANG_WARN_OBJC_LITERAL_CONVERSION = YES;
				CLANG_WARN_OBJC_ROOT_CLASS = YES_ERROR;
				CLANG_WARN_RANGE_LOOP_ANALYSIS = YES;
				CLANG_WARN_STRICT_PROTOTYPES = YES;
				CLANG_WARN_SUSPICIOUS_MOVE = YES;
				CLANG_WARN_UNGUARDED_AVAILABILITY = YES_AGGRESSIVE;
				CLANG_WARN_UNREACHABLE_CODE = YES;
				CLANG_WARN__DUPLICATE_METHOD_MATCH = YES;
				CODE_SIGN_IDENTITY = "iPhone Developer";
				COPY_PHASE_STRIP = NO;
				DEBUG_INFORMATION_FORMAT = "dwarf-with-dsym";
				ENABLE_NS_ASSERTIONS = NO;
				ENABLE_STRICT_OBJC_MSGSEND = YES;
				GCC_C_LANGUAGE_STANDARD = gnu11;
				GCC_NO_COMMON_BLOCKS = YES;
				GCC_WARN_64_TO_32_BIT_CONVERSION = YES;
				GCC_WARN_ABOUT_RETURN_TYPE = YES_ERROR;
				GCC_WARN_UNDECLARED_SELECTOR = YES;
				GCC_WARN_UNINITIALIZED_AUTOS = YES_AGGRESSIVE;
				GCC_WARN_UNUSED_FUNCTION = YES;
				GCC_WARN_UNUSED_VARIABLE = YES;
				IPHONEOS_DEPLOYMENT_TARGET = 11.2;
				MTL_ENABLE_DEBUG_INFO = NO;
				SDKROOT = iphoneos;
				SWIFT_OPTIMIZATION_LEVEL = "-Owholemodule";
				VALIDATE_PRODUCT = YES;
			};
			name = Release;
		};
		1A9ACE3320718CC10070D520 /* Debug */ = {
			isa = XCBuildConfiguration;
			buildSettings = {
				ASSETCATALOG_COMPILER_APPICON_NAME = AppIcon;
				CODE_SIGN_STYLE = Automatic;
				DEVELOPMENT_TEAM = K8DV2R8BQ8;
				INFOPLIST_FILE = StackedMenu/Info.plist;
				LD_RUNPATH_SEARCH_PATHS = "$(inherited) @executable_path/Frameworks";
				PRODUCT_BUNDLE_IDENTIFIER = com.sadiashraful.StackedMenu;
				PRODUCT_NAME = "$(TARGET_NAME)";
				SWIFT_VERSION = 4.0;
				TARGETED_DEVICE_FAMILY = "1,2";
			};
			name = Debug;
		};
		1A9ACE3420718CC10070D520 /* Release */ = {
			isa = XCBuildConfiguration;
			buildSettings = {
				ASSETCATALOG_COMPILER_APPICON_NAME = AppIcon;
				CODE_SIGN_STYLE = Automatic;
				DEVELOPMENT_TEAM = K8DV2R8BQ8;
				INFOPLIST_FILE = StackedMenu/Info.plist;
				LD_RUNPATH_SEARCH_PATHS = "$(inherited) @executable_path/Frameworks";
				PRODUCT_BUNDLE_IDENTIFIER = com.sadiashraful.StackedMenu;
				PRODUCT_NAME = "$(TARGET_NAME)";
				SWIFT_VERSION = 4.0;
				TARGETED_DEVICE_FAMILY = "1,2";
			};
			name = Release;
		};
/* End XCBuildConfiguration section */

/* Begin XCConfigurationList section */
		1A9ACE1B20718CC10070D520 /* Build configuration list for PBXProject "StackedMenu" */ = {
			isa = XCConfigurationList;
			buildConfigurations = (
				1A9ACE3020718CC10070D520 /* Debug */,
				1A9ACE3120718CC10070D520 /* Release */,
			);
			defaultConfigurationIsVisible = 0;
			defaultConfigurationName = Release;
		};
		1A9ACE3220718CC10070D520 /* Build configuration list for PBXNativeTarget "StackedMenu" */ = {
			isa = XCConfigurationList;
			buildConfigurations = (
				1A9ACE3320718CC10070D520 /* Debug */,
				1A9ACE3420718CC10070D520 /* Release */,
			);
			defaultConfigurationIsVisible = 0;
			defaultConfigurationName = Release;
		};
/* End XCConfigurationList section */
	};
	rootObject = 1A9ACE1820718CC10070D520 /* Project object */;
}
